{
  "requires": true,
  "lockfileVersion": 1,
  "dependencies": {
    "ng-http-loader": {
      "version": "6.0.1",
      "resolved": "https://registry.npmjs.org/ng-http-loader/-/ng-http-loader-6.0.1.tgz",
      "integrity": "sha512-qgjPoGkTl1CKMsUIfSGz7Y+Jm6yN6Wg5Tx5IskdEA1M9OUug/Ockpr5vJxKDLy36gyRRliopHgxEtHO9y+tmPQ==",
      "requires": {
        "tslib": "^1.9.0"
      }
    },
    "ngx-pagination": {
      "version": "4.1.0",
      "resolved": "https://registry.npmjs.org/ngx-pagination/-/ngx-pagination-4.1.0.tgz",
      "integrity": "sha512-qdDuOkMMNFsM4r1Jyc+uJZr1edwLoIr8Uzh+TUPE5kDT1f29ZIKt92H8+yCijDMUwHJ65mX6SAfZvbtZEwIN4w=="
    },
    "tslib": {
      "version": "1.10.0",
      "resolved": "https://registry.npmjs.org/tslib/-/tslib-1.10.0.tgz",
      "integrity": "sha512-qOebF53frne81cf0S9B41ByenJ3/IuH8yJKngAX35CmiZySA0khhkovshKK+jGCaMnVomla7gVlIcc3EvKPbTQ=="
    }
  }
}
